// !$*UTF8*$!
{
	archiveVersion = 1;
	classes = {
	};
	objectVersion = 55;
	objects = {

/* Begin PBXBuildFile section */
		8DBA699728C7781C007E0CC1 /* HStateApp.swift in Sources */ = {isa = PBXBuildFile; fileRef = 8DBA699628C7781C007E0CC1 /* HStateApp.swift */; };
		8DBA699B28C7781E007E0CC1 /* Assets.xcassets in Resources */ = {isa = PBXBuildFile; fileRef = 8DBA699A28C7781E007E0CC1 /* Assets.xcassets */; };
		8DBA699E28C7781E007E0CC1 /* Preview Assets.xcassets in Resources */ = {isa = PBXBuildFile; fileRef = 8DBA699D28C7781E007E0CC1 /* Preview Assets.xcassets */; };
		8DBA69A028C7781E007E0CC1 /* Persistence.swift in Sources */ = {isa = PBXBuildFile; fileRef = 8DBA699F28C7781E007E0CC1 /* Persistence.swift */; };
		8DBA69A328C7781E007E0CC1 /* HState.xcdatamodeld in Sources */ = {isa = PBXBuildFile; fileRef = 8DBA69A128C7781E007E0CC1 /* HState.xcdatamodeld */; };
		8DBA69AC28C77851007E0CC1 /* StarterPage.swift in Sources */ = {isa = PBXBuildFile; fileRef = 8DBA69AB28C77851007E0CC1 /* StarterPage.swift */; };
		8DBA69AE28C778A8007E0CC1 /* ObsPage.swift in Sources */ = {isa = PBXBuildFile; fileRef = 8DBA69AD28C778A8007E0CC1 /* ObsPage.swift */; };
		8DBA69B028C778B5007E0CC1 /* Users.swift in Sources */ = {isa = PBXBuildFile; fileRef = 8DBA69AF28C778B5007E0CC1 /* Users.swift */; };
		8DBA69B228C77904007E0CC1 /* ObsDetailPage.swift in Sources */ = {isa = PBXBuildFile; fileRef = 8DBA69B128C77904007E0CC1 /* ObsDetailPage.swift */; };
		8DBA69B628C785ED007E0CC1 /* EnvPage.swift in Sources */ = {isa = PBXBuildFile; fileRef = 8DBA69B528C785ED007E0CC1 /* EnvPage.swift */; };
		8DBA69B828C78653007E0CC1 /* EnvDetailPage.swift in Sources */ = {isa = PBXBuildFile; fileRef = 8DBA69B728C78653007E0CC1 /* EnvDetailPage.swift */; };
/* End PBXBuildFile section */

/* Begin PBXFileReference section */
		8DBA699328C7781C007E0CC1 /* HState.app */ = {isa = PBXFileReference; explicitFileType = wrapper.application; includeInIndex = 0; path = HState.app; sourceTree = BUILT_PRODUCTS_DIR; };
		8DBA699628C7781C007E0CC1 /* HStateApp.swift */ = {isa = PBXFileReference; lastKnownFileType = sourcecode.swift; path = HStateApp.swift; sourceTree = "<group>"; };
		8DBA699A28C7781E007E0CC1 /* Assets.xcassets */ = {isa = PBXFileReference; lastKnownFileType = folder.assetcatalog; path = Assets.xcassets; sourceTree = "<group>"; };
		8DBA699D28C7781E007E0CC1 /* Preview Assets.xcassets */ = {isa = PBXFileReference; lastKnownFileType = folder.assetcatalog; path = "Preview Assets.xcassets"; sourceTree = "<group>"; };
		8DBA699F28C7781E007E0CC1 /* Persistence.swift */ = {isa = PBXFileReference; lastKnownFileType = sourcecode.swift; path = Persistence.swift; sourceTree = "<group>"; };
		8DBA69A228C7781E007E0CC1 /* HState.xcdatamodel */ = {isa = PBXFileReference; lastKnownFileType = wrapper.xcdatamodel; path = HState.xcdatamodel; sourceTree = "<group>"; };
		8DBA69AB28C77851007E0CC1 /* StarterPage.swift */ = {isa = PBXFileReference; lastKnownFileType = sourcecode.swift; path = StarterPage.swift; sourceTree = "<group>"; };
		8DBA69AD28C778A8007E0CC1 /* ObsPage.swift */ = {isa = PBXFileReference; lastKnownFileType = sourcecode.swift; path = ObsPage.swift; sourceTree = "<group>"; };
		8DBA69AF28C778B5007E0CC1 /* Users.swift */ = {isa = PBXFileReference; lastKnownFileType = sourcecode.swift; path = Users.swift; sourceTree = "<group>"; };
		8DBA69B128C77904007E0CC1 /* ObsDetailPage.swift */ = {isa = PBXFileReference; lastKnownFileType = sourcecode.swift; path = ObsDetailPage.swift; sourceTree = "<group>"; };
		8DBA69B528C785ED007E0CC1 /* EnvPage.swift */ = {isa = PBXFileReference; lastKnownFileType = sourcecode.swift; path = EnvPage.swift; sourceTree = "<group>"; };
		8DBA69B728C78653007E0CC1 /* EnvDetailPage.swift */ = {isa = PBXFileReference; lastKnownFileType = sourcecode.swift; path = EnvDetailPage.swift; sourceTree = "<group>"; };
/* End PBXFileReference section */

/* Begin PBXFrameworksBuildPhase section */
		8DBA699028C7781C007E0CC1 /* Frameworks */ = {
			isa = PBXFrameworksBuildPhase;
			buildActionMask = 2147483647;
			files = (
			);
			runOnlyForDeploymentPostprocessing = 0;
		};
/* End PBXFrameworksBuildPhase section */

/* Begin PBXGroup section */
		8DBA698A28C7781C007E0CC1 = {
			isa = PBXGroup;
			children = (
				8DBA699528C7781C007E0CC1 /* HState */,
				8DBA699428C7781C007E0CC1 /* Products */,
			);
			sourceTree = "<group>";
		};
		8DBA699428C7781C007E0CC1 /* Products */ = {
			isa = PBXGroup;
			children = (
				8DBA699328C7781C007E0CC1 /* HState.app */,
			);
			name = Products;
			sourceTree = "<group>";
		};
		8DBA699528C7781C007E0CC1 /* HState */ = {
			isa = PBXGroup;
			children = (
				8DBA69AA28C7783D007E0CC1 /* Screens */,
				8DBA69A928C77837007E0CC1 /* Utils */,
				8DBA699628C7781C007E0CC1 /* HStateApp.swift */,
				8DBA69AB28C77851007E0CC1 /* StarterPage.swift */,
				8DBA699A28C7781E007E0CC1 /* Assets.xcassets */,
				8DBA699F28C7781E007E0CC1 /* Persistence.swift */,
				8DBA69A128C7781E007E0CC1 /* HState.xcdatamodeld */,
				8DBA699C28C7781E007E0CC1 /* Preview Content */,
			);
			path = HState;
			sourceTree = "<group>";
		};
		8DBA699C28C7781E007E0CC1 /* Preview Content */ = {
			isa = PBXGroup;
			children = (
				8DBA699D28C7781E007E0CC1 /* Preview Assets.xcassets */,
			);
			path = "Preview Content";
			sourceTree = "<group>";
		};
		8DBA69A928C77837007E0CC1 /* Utils */ = {
			isa = PBXGroup;
			children = (
				8DBA69AF28C778B5007E0CC1 /* Users.swift */,
			);
			path = Utils;
			sourceTree = "<group>";
		};
		8DBA69AA28C7783D007E0CC1 /* Screens */ = {
			isa = PBXGroup;
			children = (
				8DBA69AD28C778A8007E0CC1 /* ObsPage.swift */,
				8DBA69B128C77904007E0CC1 /* ObsDetailPage.swift */,
				8DBA69B528C785ED007E0CC1 /* EnvPage.swift */,
				8DBA69B728C78653007E0CC1 /* EnvDetailPage.swift */,
			);
			path = Screens;
			sourceTree = "<group>";
		};
/* End PBXGroup section */

/* Begin PBXNativeTarget section */
		8DBA699228C7781C007E0CC1 /* HState */ = {
			isa = PBXNativeTarget;
			buildConfigurationList = 8DBA69A628C7781E007E0CC1 /* Build configuration list for PBXNativeTarget "HState" */;
			buildPhases = (
				8DBA698F28C7781C007E0CC1 /* Sources */,
				8DBA699028C7781C007E0CC1 /* Frameworks */,
				8DBA699128C7781C007E0CC1 /* Resources */,
			);
			buildRules = (
			);
			dependencies = (
			);
			name = HState;
			productName = HState;
			productReference = 8DBA699328C7781C007E0CC1 /* HState.app */;
			productType = "com.apple.product-type.application";
		};
/* End PBXNativeTarget section */

/* Begin PBXProject section */
		8DBA698B28C7781C007E0CC1 /* Project object */ = {
			isa = PBXProject;
			attributes = {
				BuildIndependentTargetsInParallel = 1;
				LastSwiftUpdateCheck = 1340;
				LastUpgradeCheck = 1340;
				TargetAttributes = {
					8DBA699228C7781C007E0CC1 = {
						CreatedOnToolsVersion = 13.4.1;
					};
				};
			};
			buildConfigurationList = 8DBA698E28C7781C007E0CC1 /* Build configuration list for PBXProject "HState" */;
			compatibilityVersion = "Xcode 13.0";
			developmentRegion = en;
			hasScannedForEncodings = 0;
			knownRegions = (
				en,
				Base,
			);
			mainGroup = 8DBA698A28C7781C007E0CC1;
			productRefGroup = 8DBA699428C7781C007E0CC1 /* Products */;
			projectDirPath = "";
			projectRoot = "";
			targets = (
				8DBA699228C7781C007E0CC1 /* HState */,
			);
		};
/* End PBXProject section */

/* Begin PBXResourcesBuildPhase section */
		8DBA699128C7781C007E0CC1 /* Resources */ = {
			isa = PBXResourcesBuildPhase;
			buildActionMask = 2147483647;
			files = (
				8DBA699E28C7781E007E0CC1 /* Preview Assets.xcassets in Resources */,
				8DBA699B28C7781E007E0CC1 /* Assets.xcassets in Resources */,
			);
			runOnlyForDeploymentPostprocessing = 0;
		};
/* End PBXResourcesBuildPhase section */

/* Begin PBXSourcesBuildPhase section */
		8DBA698F28C7781C007E0CC1 /* Sources */ = {
			isa = PBXSourcesBuildPhase;
			buildActionMask = 2147483647;
			files = (
				8DBA69A328C7781E007E0CC1 /* HState.xcdatamodeld in Sources */,
				8DBA69B228C77904007E0CC1 /* ObsDetailPage.swift in Sources */,
				8DBA69B828C78653007E0CC1 /* EnvDetailPage.swift in Sources */,
				8DBA69AC28C77851007E0CC1 /* StarterPage.swift in Sources */,
				8DBA69A028C7781E007E0CC1 /* Persistence.swift in Sources */,
				8DBA69AE28C778A8007E0CC1 /* ObsPage.swift in Sources */,
				8DBA69B028C778B5007E0CC1 /* Users.swift in Sources */,
				8DBA69B628C785ED007E0CC1 /* EnvPage.swift in Sources */,
				8DBA699728C7781C007E0CC1 /* HStateApp.swift in Sources */,
			);
			runOnlyForDeploymentPostprocessing = 0;
		};
/* End PBXSourcesBuildPhase section */

/* Begin XCBuildConfiguration section */
		8DBA69A428C7781E007E0CC1 /* Debug */ = {
			isa = XCBuildConfiguration;
			buildSettings = {
				ALWAYS_SEARCH_USER_PATHS = NO;
				CLANG_ANALYZER_NONNULL = YES;
				CLANG_ANALYZER_NUMBER_OBJECT_CONVERSION = YES_AGGRESSIVE;
				CLANG_CXX_LANGUAGE_STANDARD = "gnu++17";
				CLANG_ENABLE_MODULES = YES;
				CLANG_ENABLE_OBJC_ARC = YES;
				CLANG_ENABLE_OBJC_WEAK = YES;
				CLANG_WARN_BLOCK_CAPTURE_AUTORELEASING = YES;
				CLANG_WARN_BOOL_CONVERSION = YES;
				CLANG_WARN_COMMA = YES;
				CLANG_WARN_CONSTANT_CONVERSION = YES;
				CLANG_WARN_DEPRECATED_OBJC_IMPLEMENTATIONS = YES;
				CLANG_WARN_DIRECT_OBJC_ISA_USAGE = YES_ERROR;
				CLANG_WARN_DOCUMENTATION_COMMENTS = YES;
				CLANG_WARN_EMPTY_BODY = YES;
				CLANG_WARN_ENUM_CONVERSION = YES;
				CLANG_WARN_INFINITE_RECURSION = YES;
				CLANG_WARN_INT_CONVERSION = YES;
				CLANG_WARN_NON_LITERAL_NULL_CONVERSION = YES;
				CLANG_WARN_OBJC_IMPLICIT_RETAIN_SELF = YES;
				CLANG_WARN_OBJC_LITERAL_CONVERSION = YES;
				CLANG_WARN_OBJC_ROOT_CLASS = YES_ERROR;
				CLANG_WARN_QUOTED_INCLUDE_IN_FRAMEWORK_HEADER = YES;
				CLANG_WARN_RANGE_LOOP_ANALYSIS = YES;
				CLANG_WARN_STRICT_PROTOTYPES = YES;
				CLANG_WARN_SUSPICIOUS_MOVE = YES;
				CLANG_WARN_UNGUARDED_AVAILABILITY = YES_AGGRESSIVE;
				CLANG_WARN_UNREACHABLE_CODE = YES;
				CLANG_WARN__DUPLICATE_METHOD_MATCH = YES;
				COPY_PHASE_STRIP = NO;
				DEBUG_INFORMATION_FORMAT = dwarf;
				ENABLE_STRICT_OBJC_MSGSEND = YES;
				ENABLE_TESTABILITY = YES;
				GCC_C_LANGUAGE_STANDARD = gnu11;
				GCC_DYNAMIC_NO_PIC = NO;
				GCC_NO_COMMON_BLOCKS = YES;
				GCC_OPTIMIZATION_LEVEL = 0;
				GCC_PREPROCESSOR_DEFINITIONS = (
					"DEBUG=1",
					"$(inherited)",
				);
				GCC_WARN_64_TO_32_BIT_CONVERSION = YES;
				GCC_WARN_ABOUT_RETURN_TYPE = YES_ERROR;
				GCC_WARN_UNDECLARED_SELECTOR = YES;
				GCC_WARN_UNINITIALIZED_AUTOS = YES_AGGRESSIVE;
				GCC_WARN_UNUSED_FUNCTION = YES;
				GCC_WARN_UNUSED_VARIABLE = YES;
				IPHONEOS_DEPLOYMENT_TARGET = 15.5;
				MTL_ENABLE_DEBUG_INFO = INCLUDE_SOURCE;
				MTL_FAST_MATH = YES;
				ONLY_ACTIVE_ARCH = YES;
				SDKROOT = iphoneos;
				SWIFT_ACTIVE_COMPILATION_CONDITIONS = DEBUG;
				SWIFT_OPTIMIZATION_LEVEL = "-Onone";
			};
			name = Debug;
		};
		8DBA69A528C7781E007E0CC1 /* Release */ = {
			isa = XCBuildConfiguration;
			buildSettings = {
				ALWAYS_SEARCH_USER_PATHS = NO;
				CLANG_ANALYZER_NONNULL = YES;
				CLANG_ANALYZER_NUMBER_OBJECT_CONVERSION = YES_AGGRESSIVE;
				CLANG_CXX_LANGUAGE_STANDARD = "gnu++17";
				CLANG_ENABLE_MODULES = YES;
				CLANG_ENABLE_OBJC_ARC = YES;
				CLANG_ENABLE_OBJC_WEAK = YES;
				CLANG_WARN_BLOCK_CAPTURE_AUTORELEASING = YES;
				CLANG_WARN_BOOL_CONVERSION = YES;
				CLANG_WARN_COMMA = YES;
				CLANG_WARN_CONSTANT_CONVERSION = YES;
				CLANG_WARN_DEPRECATED_OBJC_IMPLEMENTATIONS = YES;
				CLANG_WARN_DIRECT_OBJC_ISA_USAGE = YES_ERROR;
				CLANG_WARN_DOCUMENTATION_COMMENTS = YES;
				CLANG_WARN_EMPTY_BODY = YES;
				CLANG_WARN_ENUM_CONVERSION = YES;
				CLANG_WARN_INFINITE_RECURSION = YES;
				CLANG_WARN_INT_CONVERSION = YES;
				CLANG_WARN_NON_LITERAL_NULL_CONVERSION = YES;
				CLANG_WARN_OBJC_IMPLICIT_RETAIN_SELF = YES;
				CLANG_WARN_OBJC_LITERAL_CONVERSION = YES;
				CLANG_WARN_OBJC_ROOT_CLASS = YES_ERROR;
				CLANG_WARN_QUOTED_INCLUDE_IN_FRAMEWORK_HEADER = YES;
				CLANG_WARN_RANGE_LOOP_ANALYSIS = YES;
				CLANG_WARN_STRICT_PROTOTYPES = YES;
				CLANG_WARN_SUSPICIOUS_MOVE = YES;
				CLANG_WARN_UNGUARDED_AVAILABILITY = YES_AGGRESSIVE;
				CLANG_WARN_UNREACHABLE_CODE = YES;
				CLANG_WARN__DUPLICATE_METHOD_MATCH = YES;
				COPY_PHASE_STRIP = NO;
				DEBUG_INFORMATION_FORMAT = "dwarf-with-dsym";
				ENABLE_NS_ASSERTIONS = NO;
				ENABLE_STRICT_OBJC_MSGSEND = YES;
				GCC_C_LANGUAGE_STANDARD = gnu11;
				GCC_NO_COMMON_BLOCKS = YES;
				GCC_WARN_64_TO_32_BIT_CONVERSION = YES;
				GCC_WARN_ABOUT_RETURN_TYPE = YES_ERROR;
				GCC_WARN_UNDECLARED_SELECTOR = YES;
				GCC_WARN_UNINITIALIZED_AUTOS = YES_AGGRESSIVE;
				GCC_WARN_UNUSED_FUNCTION = YES;
				GCC_WARN_UNUSED_VARIABLE = YES;
				IPHONEOS_DEPLOYMENT_TARGET = 15.5;
				MTL_ENABLE_DEBUG_INFO = NO;
				MTL_FAST_MATH = YES;
				SDKROOT = iphoneos;
				SWIFT_COMPILATION_MODE = wholemodule;
				SWIFT_OPTIMIZATION_LEVEL = "-O";
				VALIDATE_PRODUCT = YES;
			};
			name = Release;
		};
		8DBA69A728C7781E007E0CC1 /* Debug */ = {
			isa = XCBuildConfiguration;
			buildSettings = {
				ASSETCATALOG_COMPILER_APPICON_NAME = AppIcon;
				ASSETCATALOG_COMPILER_GLOBAL_ACCENT_COLOR_NAME = AccentColor;
				CODE_SIGN_STYLE = Automatic;
				CURRENT_PROJECT_VERSION = 1;
				DEVELOPMENT_ASSET_PATHS = "\"HState/Preview Content\"";
				DEVELOPMENT_TEAM = 9D9LQFC4NQ;
				ENABLE_PREVIEWS = YES;
				GENERATE_INFOPLIST_FILE = YES;
				INFOPLIST_KEY_UIApplicationSceneManifest_Generation = YES;
				INFOPLIST_KEY_UIApplicationSupportsIndirectInputEvents = YES;
				INFOPLIST_KEY_UILaunchScreen_Generation = YES;
				INFOPLIST_KEY_UISupportedInterfaceOrientations_iPad = "UIInterfaceOrientationPortrait UIInterfaceOrientationPortraitUpsideDown UIInterfaceOrientationLandscapeLeft UIInterfaceOrientationLandscapeRight";
				INFOPLIST_KEY_UISupportedInterfaceOrientations_iPhone = "UIInterfaceOrientationPortrait UIInterfaceOrientationLandscapeLeft UIInterfaceOrientationLandscapeRight";
				LD_RUNPATH_SEARCH_PATHS = (
					"$(inherited)",
					"@executable_path/Frameworks",
				);
				MARKETING_VERSION = 1.0;
				PRODUCT_BUNDLE_IDENTIFIER = uz.karavella.HState;
				PRODUCT_NAME = "$(TARGET_NAME)";
				SWIFT_EMIT_LOC_STRINGS = YES;
				SWIFT_VERSION = 5.0;
				TARGETED_DEVICE_FAMILY = "1,2";
			};
			name = Debug;
		};
		8DBA69A828C7781E007E0CC1 /* Release */ = {
			isa = XCBuildConfiguration;
			buildSettings = {
				ASSETCATALOG_COMPILER_APPICON_NAME = AppIcon;
				ASSETCATALOG_COMPILER_GLOBAL_ACCENT_COLOR_NAME = AccentColor;
				CODE_SIGN_STYLE = Automatic;
				CURRENT_PROJECT_VERSION = 1;
				DEVELOPMENT_ASSET_PATHS = "\"HState/Preview Content\"";
				DEVELOPMENT_TEAM = 9D9LQFC4NQ;
				ENABLE_PREVIEWS = YES;
				GENERATE_INFOPLIST_FILE = YES;
				INFOPLIST_KEY_UIApplicationSceneManifest_Generation = YES;
				INFOPLIST_KEY_UIApplicationSupportsIndirectInputEvents = YES;
				INFOPLIST_KEY_UILaunchScreen_Generation = YES;
				INFOPLIST_KEY_UISupportedInterfaceOrientations_iPad = "UIInterfaceOrientationPortrait UIInterfaceOrientationPortraitUpsideDown UIInterfaceOrientationLandscapeLeft UIInterfaceOrientationLandscapeRight";
				INFOPLIST_KEY_UISupportedInterfaceOrientations_iPhone = "UIInterfaceOrientationPortrait UIInterfaceOrientationLandscapeLeft UIInterfaceOrientationLandscapeRight";
				LD_RUNPATH_SEARCH_PATHS = (
					"$(inherited)",
					"@executable_path/Frameworks",
				);
				MARKETING_VERSION = 1.0;
				PRODUCT_BUNDLE_IDENTIFIER = uz.karavella.HState;
				PRODUCT_NAME = "$(TARGET_NAME)";
				SWIFT_EMIT_LOC_STRINGS = YES;
				SWIFT_VERSION = 5.0;
				TARGETED_DEVICE_FAMILY = "1,2";
			};
			name = Release;
		};
/* End XCBuildConfiguration section */

/* Begin XCConfigurationList section */
		8DBA698E28C7781C007E0CC1 /* Build configuration list for PBXProject "HState" */ = {
			isa = XCConfigurationList;
			buildConfigurations = (
				8DBA69A428C7781E007E0CC1 /* Debug */,
				8DBA69A528C7781E007E0CC1 /* Release */,
			);
			defaultConfigurationIsVisible = 0;
			defaultConfigurationName = Release;
		};
		8DBA69A628C7781E007E0CC1 /* Build configuration list for PBXNativeTarget "HState" */ = {
			isa = XCConfigurationList;
			buildConfigurations = (
				8DBA69A728C7781E007E0CC1 /* Debug */,
				8DBA69A828C7781E007E0CC1 /* Release */,
			);
			defaultConfigurationIsVisible = 0;
			defaultConfigurationName = Release;
		};
/* End XCConfigurationList section */

/* Begin XCVersionGroup section */
		8DBA69A128C7781E007E0CC1 /* HState.xcdatamodeld */ = {
			isa = XCVersionGroup;
			children = (
				8DBA69A228C7781E007E0CC1 /* HState.xcdatamodel */,
			);
			currentVersion = 8DBA69A228C7781E007E0CC1 /* HState.xcdatamodel */;
			path = HState.xcdatamodeld;
			sourceTree = "<group>";
			versionGroupType = wrapper.xcdatamodel;
		};
/* End XCVersionGroup section */
	};
	rootObject = 8DBA698B28C7781C007E0CC1 /* Project object */;
}
